
Microsoft Visual Studio Solution File, Format Version 12.00
# Visual Studio Version 17
VisualStudioVersion = 17.4.33122.133
MinimumVisualStudioVersion = 10.0.40219.1
Project("{FAE04EC0-301F-11D3-BF4B-00C04F79EFBC}") = "EmailApp", "EmailApp\EmailApp.csproj", "{CE5AA73B-CD75-4F95-AEA1-93F744A58336}"
EndProject
Global
	GlobalSection(SolutionConfigurationPlatforms) = preSolution
		Debug|Any CPU = Debug|Any CPU
		Release|Any CPU = Release|Any CPU
	EndGlobalSection
	GlobalSection(ProjectConfigurationPlatforms) = postSolution
		{CE5AA73B-CD75-4F95-AEA1-93F744A58336}.Debug|Any CPU.ActiveCfg = Debug|Any CPU
		{CE5AA73B-CD75-4F95-AEA1-93F744A58336}.Debug|Any CPU.Build.0 = Debug|Any CPU
		{CE5AA73B-CD75-4F95-AEA1-93F744A58336}.Release|Any CPU.ActiveCfg = Release|Any CPU
		{CE5AA73B-CD75-4F95-AEA1-93F744A58336}.Release|Any CPU.Build.0 = Release|Any CPU
	EndGlobalSection
	GlobalSection(SolutionProperties) = preSolution
		HideSolutionNode = FALSE
	EndGlobalSection
	GlobalSection(ExtensibilityGlobals) = postSolution
		SolutionGuid = {0F9DB39A-F215-4368-94EC-50B56E4CF237}
	EndGlobalSection
EndGlobal
